{
  "name": "http-request-analyser",
  "version": "1.0.0",
  "lockfileVersion": 2,
  "requires": true,
  "packages": {
    "": {
      "version": "1.0.0",
      "license": "ISC",
      "devDependencies": {
        "nettime": "^3.0.0"
      }
    },
    "node_modules/commander": {
      "version": "3.0.2",
      "resolved": "https://registry.npmjs.org/commander/-/commander-3.0.2.tgz",
      "integrity": "sha512-Gar0ASD4BDyKC4hl4DwHqDrmvjoxWKZigVnAbn5H1owvm4CxCPdb0HQDehwNYMJpla5+M2tPmPARzhtYuwpHow==",
      "dev": true
    },
    "node_modules/nettime": {
      "version": "3.0.0",
      "resolved": "https://registry.npmjs.org/nettime/-/nettime-3.0.0.tgz",
      "integrity": "sha512-7pk4eSMzSTomtSfPgf1SKEUDKzQJRMRqV6kQl0j/58ZBy4Z0jlLxWki4uQ6rCKgyGUW1HWsCjbCtTrbZN77PWQ==",
      "dev": true,
      "dependencies": {
        "commander": "3.0.2",
        "readline-sync": "1.4.10",
        "sprintf-js": "1.1.2"
      },
      "bin": {
        "nettime": "bin/nettime"
      },
      "engines": {
        "node": ">=8"
      }
    },
    "node_modules/readline-sync": {
      "version": "1.4.10",
      "resolved": "https://registry.npmjs.org/readline-sync/-/readline-sync-1.4.10.tgz",
      "integrity": "sha512-gNva8/6UAe8QYepIQH/jQ2qn91Qj0B9sYjMBBs3QOB8F2CXcKgLxQaJRP76sWVRQt+QU+8fAkCbCvjjMFu7Ycw==",
      "dev": true,
      "engines": {
        "node": ">= 0.8.0"
      }
    },
    "node_modules/sprintf-js": {
      "version": "1.1.2",
      "resolved": "https://registry.npmjs.org/sprintf-js/-/sprintf-js-1.1.2.tgz",
      "integrity": "sha512-VE0SOVEHCk7Qc8ulkWw3ntAzXuqf7S2lvwQaDLRnUeIEaKNQJzV6BwmLKhOqT61aGhfUMrXeaBk+oDGCzvhcug==",
      "dev": true
    }
  },
  "dependencies": {
    "commander": {
      "version": "3.0.2",
      "resolved": "https://registry.npmjs.org/commander/-/commander-3.0.2.tgz",
      "integrity": "sha512-Gar0ASD4BDyKC4hl4DwHqDrmvjoxWKZigVnAbn5H1owvm4CxCPdb0HQDehwNYMJpla5+M2tPmPARzhtYuwpHow==",
      "dev": true
    },
    "nettime": {
      "version": "3.0.0",
      "resolved": "https://registry.npmjs.org/nettime/-/nettime-3.0.0.tgz",
      "integrity": "sha512-7pk4eSMzSTomtSfPgf1SKEUDKzQJRMRqV6kQl0j/58ZBy4Z0jlLxWki4uQ6rCKgyGUW1HWsCjbCtTrbZN77PWQ==",
      "dev": true,
      "requires": {
        "commander": "3.0.2",
        "readline-sync": "1.4.10",
        "sprintf-js": "1.1.2"
      }
    },
    "readline-sync": {
      "version": "1.4.10",
      "resolved": "https://registry.npmjs.org/readline-sync/-/readline-sync-1.4.10.tgz",
      "integrity": "sha512-gNva8/6UAe8QYepIQH/jQ2qn91Qj0B9sYjMBBs3QOB8F2CXcKgLxQaJRP76sWVRQt+QU+8fAkCbCvjjMFu7Ycw==",
      "dev": true
    },
    "sprintf-js": {
      "version": "1.1.2",
      "resolved": "https://registry.npmjs.org/sprintf-js/-/sprintf-js-1.1.2.tgz",
      "integrity": "sha512-VE0SOVEHCk7Qc8ulkWw3ntAzXuqf7S2lvwQaDLRnUeIEaKNQJzV6BwmLKhOqT61aGhfUMrXeaBk+oDGCzvhcug==",
      "dev": true
    }
  }
}
